
Microsoft Visual Studio Solution File, Format Version 12.00
# Visual Studio Version 17
VisualStudioVersion = 17.5.33516.290
MinimumVisualStudioVersion = 10.0.40219.1
Project("{FAE04EC0-301F-11D3-BF4B-00C04F79EFBC}") = "kim milyoner olmak ister", "kim milyoner olmak ister\kim milyoner olmak ister.csproj", "{BCDDBC37-2BA0-4629-845B-58D1C1C3DEDE}"
EndProject
Global
	GlobalSection(SolutionConfigurationPlatforms) = preSolution
		Debug|Any CPU = Debug|Any CPU
		Release|Any CPU = Release|Any CPU
	EndGlobalSection
	GlobalSection(ProjectConfigurationPlatforms) = postSolution
		{BCDDBC37-2BA0-4629-845B-58D1C1C3DEDE}.Debug|Any CPU.ActiveCfg = Debug|Any CPU
		{BCDDBC37-2BA0-4629-845B-58D1C1C3DEDE}.Debug|Any CPU.Build.0 = Debug|Any CPU
		{BCDDBC37-2BA0-4629-845B-58D1C1C3DEDE}.Release|Any CPU.ActiveCfg = Release|Any CPU
		{BCDDBC37-2BA0-4629-845B-58D1C1C3DEDE}.Release|Any CPU.Build.0 = Release|Any CPU
	EndGlobalSection
	GlobalSection(SolutionProperties) = preSolution
		HideSolutionNode = FALSE
	EndGlobalSection
	GlobalSection(ExtensibilityGlobals) = postSolution
		SolutionGuid = {4456D11F-B792-4FE1-A6CE-F40BF9CF7C81}
	EndGlobalSection
EndGlobal
